
Microsoft Visual Studio Solution File, Format Version 12.00
Project("{F2A71F9B-5D33-465A-A702-920D77279786}") = "DAG", "DAG.fsproj", "{9467AFCD-19E1-48E7-9EFC-333D1DF5CF3A}"
EndProject
Global
	GlobalSection(SolutionConfigurationPlatforms) = preSolution
		Debug|Any CPU = Debug|Any CPU
		Release|Any CPU = Release|Any CPU
	EndGlobalSection
	GlobalSection(ProjectConfigurationPlatforms) = postSolution
		{9467AFCD-19E1-48E7-9EFC-333D1DF5CF3A}.Debug|Any CPU.ActiveCfg = Debug|Any CPU
		{9467AFCD-19E1-48E7-9EFC-333D1DF5CF3A}.Debug|Any CPU.Build.0 = Debug|Any CPU
		{9467AFCD-19E1-48E7-9EFC-333D1DF5CF3A}.Release|Any CPU.ActiveCfg = Release|Any CPU
		{9467AFCD-19E1-48E7-9EFC-333D1DF5CF3A}.Release|Any CPU.Build.0 = Release|Any CPU
	EndGlobalSection
EndGlobal
